{
  "version": 4,
  "terraform_version": "1.2.0",
  "serial": 123,
  "lineage": "71cbea11-db98-427b-9e13-9fab0ae71439",
  "outputs": {
    "access_key": {
      "value": "YCAJEwF-bnIHjQIrUJi4EKWsr",
      "type": "string",
      "sensitive": true
    },
    "external_ip_address_vm_1": {
      "value": "62.84.124.101",
      "type": "string"
    },
    "external_ip_address_vm_2": {
      "value": "51.250.77.16",
      "type": "string"
    },
    "internal_ip_address_vm_1": {
      "value": "192.168.10.15",
      "type": "string"
    },
    "internal_ip_address_vm_2": {
      "value": "192.168.10.14",
      "type": "string"
    },
    "secret_key": {
      "value": "YCMN4b8TGNU0hEBm2RQH3N08TwfNKocW7x8dYzHY",
      "type": "string",
      "sensitive": true
    }
  },
  "resources": [
    {
      "mode": "managed",
      "type": "yandex_compute_instance",
      "name": "vm-1",
      "provider": "provider[\"registry.terraform.io/yandex-cloud/yandex\"]",
      "instances": [
        {
          "schema_version": 1,
          "attributes": {
            "allow_recreate": null,
            "allow_stopping_for_update": null,
            "boot_disk": [
              {
                "auto_delete": true,
                "device_name": "fhmdptjv2cbr9hl3l7fg",
                "disk_id": "fhmdptjv2cbr9hl3l7fg",
                "initialize_params": [
                  {
                    "block_size": 4096,
                    "description": "",
                    "image_id": "fd89ovh4ticpo40dkbvd",
                    "name": "",
                    "size": 5,
                    "snapshot_id": "",
                    "type": "network-hdd"
                  }
                ],
                "mode": "READ_WRITE"
              }
            ],
            "created_at": "2022-08-02T07:03:19Z",
            "description": "",
            "folder_id": "b1gp0gehjd3b52q1jlga",
            "fqdn": "fhm48sitju9tmhm0ekmh.auto.internal",
            "hostname": "fhm48sitju9tmhm0ekmh",
            "id": "fhm48sitju9tmhm0ekmh",
            "labels": null,
            "metadata": {
              "user-data": "#cloud-config\nusers:\n  - name: denis\n    groups: sudo\n    shell: /bin/bash\n    sudo: ['ALL=(ALL) NOPASSWD:ALL']\n    ssh-authorized-keys:\n          - ssh-rsa AAAAB3NzaC1yc2EAAAADAQABAAABgQD76GKpAul75XZteuS3YIDyl2vvjZ0MxZjmDnkRqUb+/w8EQFuV8YwfrJlv8i0eCCg3JfFdUPtDJ+cIeZYxONlxUz4gACpSGsKWan1pQ24Udmr2ae3UUoDAWcrf6hNp98JZNRrz16p+XDTuy+FfA9WyK9qzS1XguA1UNiqDYvJSqs3gqiEtSa2CSwg0S5bGsjMHhYb//xTQfNLefNgNSXDx42ZpEjPHDpeba1tvhEViiSu/kUG7AL0rPAK0mBIibNf0d7rLKppVcDIieRzMuFdM8tIUNl7Xl0EWkZUULAVDFzXfjfrIp+JWGpXIJwBWq0khsqjwR2nFI9G6lhPyrGL7unKYcTOkYOIlXh0j2kskaMfVhKZewuxmicycf26wrlNHsDBL6mJuYIXP3ZN1O/1bBsTZBY9tSF3KFq5rdDTp7nFXSz3Zd3ufkuzSLiOqnWDXcE3ZvgzI2vpnBNCxgqjeZ97AiJdXLpHNsvcvRyccVKW+Mg23UfSgFCB9wEVAZ50= denis@Heu3BecTHblu\n"
            },
            "name": "kolopo1",
            "network_acceleration_type": "standard",
            "network_interface": [
              {
                "dns_record": [],
                "index": 0,
                "ip_address": "192.168.10.15",
                "ipv4": true,
                "ipv6": false,
                "ipv6_address": "",
                "ipv6_dns_record": [],
                "mac_address": "d0:0d:44:72:5d:9f",
                "nat": true,
                "nat_dns_record": [],
                "nat_ip_address": "62.84.124.101",
                "nat_ip_version": "IPV4",
                "security_group_ids": [],
                "subnet_id": "e9bleq4tp91htlptnv0i"
              }
            ],
            "placement_policy": [
              {
                "host_affinity_rules": [],
                "placement_group_id": ""
              }
            ],
            "platform_id": "standard-v1",
            "resources": [
              {
                "core_fraction": 100,
                "cores": 2,
                "gpus": 0,
                "memory": 2
              }
            ],
            "scheduling_policy": [
              {
                "preemptible": false
              }
            ],
            "secondary_disk": [],
            "service_account_id": "",
            "status": "running",
            "timeouts": null,
            "zone": "ru-central1-a"
          },
          "sensitive_attributes": [],
          "private": "eyJlMmJmYjczMC1lY2FhLTExZTYtOGY4OC0zNDM2M2JjN2M0YzAiOnsiY3JlYXRlIjozMDAwMDAwMDAwMDAsImRlbGV0ZSI6MzAwMDAwMDAwMDAwLCJ1cGRhdGUiOjMwMDAwMDAwMDAwMH0sInNjaGVtYV92ZXJzaW9uIjoiMSJ9",
          "dependencies": [
            "yandex_vpc_network.network_terraform",
            "yandex_vpc_subnet.subnet-1"
          ]
        }
      ]
    },
    {
      "mode": "managed",
      "type": "yandex_compute_instance",
      "name": "vm-2",
      "provider": "provider[\"registry.terraform.io/yandex-cloud/yandex\"]",
      "instances": [
        {
          "schema_version": 1,
          "attributes": {
            "allow_recreate": null,
            "allow_stopping_for_update": null,
            "boot_disk": [
              {
                "auto_delete": true,
                "device_name": "fhmnd7imdfqdc4nn9sqe",
                "disk_id": "fhmnd7imdfqdc4nn9sqe",
                "initialize_params": [
                  {
                    "block_size": 4096,
                    "description": "",
                    "image_id": "fd89ovh4ticpo40dkbvd",
                    "name": "",
                    "size": 5,
                    "snapshot_id": "",
                    "type": "network-hdd"
                  }
                ],
                "mode": "READ_WRITE"
              }
            ],
            "created_at": "2022-08-02T07:03:19Z",
            "description": "",
            "folder_id": "b1gp0gehjd3b52q1jlga",
            "fqdn": "fhmrr4m8k8tps669mo13.auto.internal",
            "hostname": "fhmrr4m8k8tps669mo13",
            "id": "fhmrr4m8k8tps669mo13",
            "labels": null,
            "metadata": {
              "user-data": "#cloud-config\nusers:\n  - name: denis\n    groups: sudo\n    shell: /bin/bash\n    sudo: ['ALL=(ALL) NOPASSWD:ALL']\n    ssh-authorized-keys:\n          - ssh-rsa AAAAB3NzaC1yc2EAAAADAQABAAABgQD76GKpAul75XZteuS3YIDyl2vvjZ0MxZjmDnkRqUb+/w8EQFuV8YwfrJlv8i0eCCg3JfFdUPtDJ+cIeZYxONlxUz4gACpSGsKWan1pQ24Udmr2ae3UUoDAWcrf6hNp98JZNRrz16p+XDTuy+FfA9WyK9qzS1XguA1UNiqDYvJSqs3gqiEtSa2CSwg0S5bGsjMHhYb//xTQfNLefNgNSXDx42ZpEjPHDpeba1tvhEViiSu/kUG7AL0rPAK0mBIibNf0d7rLKppVcDIieRzMuFdM8tIUNl7Xl0EWkZUULAVDFzXfjfrIp+JWGpXIJwBWq0khsqjwR2nFI9G6lhPyrGL7unKYcTOkYOIlXh0j2kskaMfVhKZewuxmicycf26wrlNHsDBL6mJuYIXP3ZN1O/1bBsTZBY9tSF3KFq5rdDTp7nFXSz3Zd3ufkuzSLiOqnWDXcE3ZvgzI2vpnBNCxgqjeZ97AiJdXLpHNsvcvRyccVKW+Mg23UfSgFCB9wEVAZ50= denis@Heu3BecTHblu\n"
            },
            "name": "kolopo2",
            "network_acceleration_type": "standard",
            "network_interface": [
              {
                "dns_record": [],
                "index": 0,
                "ip_address": "192.168.10.14",
                "ipv4": true,
                "ipv6": false,
                "ipv6_address": "",
                "ipv6_dns_record": [],
                "mac_address": "d0:0d:1b:d9:2c:8a",
                "nat": true,
                "nat_dns_record": [],
                "nat_ip_address": "51.250.77.16",
                "nat_ip_version": "IPV4",
                "security_group_ids": [],
                "subnet_id": "e9bleq4tp91htlptnv0i"
              }
            ],
            "placement_policy": [
              {
                "host_affinity_rules": [],
                "placement_group_id": ""
              }
            ],
            "platform_id": "standard-v1",
            "resources": [
              {
                "core_fraction": 100,
                "cores": 2,
                "gpus": 0,
                "memory": 2
              }
            ],
            "scheduling_policy": [
              {
                "preemptible": false
              }
            ],
            "secondary_disk": [],
            "service_account_id": "",
            "status": "running",
            "timeouts": null,
            "zone": "ru-central1-a"
          },
          "sensitive_attributes": [],
          "private": "eyJlMmJmYjczMC1lY2FhLTExZTYtOGY4OC0zNDM2M2JjN2M0YzAiOnsiY3JlYXRlIjozMDAwMDAwMDAwMDAsImRlbGV0ZSI6MzAwMDAwMDAwMDAwLCJ1cGRhdGUiOjMwMDAwMDAwMDAwMH0sInNjaGVtYV92ZXJzaW9uIjoiMSJ9",
          "dependencies": [
            "yandex_vpc_network.network_terraform",
            "yandex_vpc_subnet.subnet-1"
          ]
        }
      ]
    },
    {
      "mode": "managed",
      "type": "yandex_iam_service_account",
      "name": "sa",
      "provider": "provider[\"registry.terraform.io/yandex-cloud/yandex\"]",
      "instances": [
        {
          "schema_version": 0,
          "attributes": {
            "created_at": "2022-08-02T07:03:11Z",
            "description": "",
            "folder_id": "b1gp0gehjd3b52q1jlga",
            "id": "ajeu3suk7tfrqqcd5uru",
            "name": "sa-dmosk",
            "timeouts": null
          },
          "sensitive_attributes": [],
          "private": "eyJlMmJmYjczMC1lY2FhLTExZTYtOGY4OC0zNDM2M2JjN2M0YzAiOnsiY3JlYXRlIjo2MDAwMDAwMDAwMCwiZGVsZXRlIjo2MDAwMDAwMDAwMCwidXBkYXRlIjo2MDAwMDAwMDAwMH19"
        }
      ]
    },
    {
      "mode": "managed",
      "type": "yandex_iam_service_account_static_access_key",
      "name": "sa-static-key",
      "provider": "provider[\"registry.terraform.io/yandex-cloud/yandex\"]",
      "instances": [
        {
          "schema_version": 0,
          "attributes": {
            "access_key": "YCAJEwF-bnIHjQIrUJi4EKWsr",
            "created_at": "2022-08-02T07:03:12Z",
            "description": "Static access key for object storage",
            "encrypted_secret_key": null,
            "id": "ajet49go63r791quuqrk",
            "key_fingerprint": null,
            "pgp_key": null,
            "secret_key": "YCMN4b8TGNU0hEBm2RQH3N08TwfNKocW7x8dYzHY",
            "service_account_id": "ajeu3suk7tfrqqcd5uru"
          },
          "sensitive_attributes": [],
          "private": "bnVsbA==",
          "dependencies": [
            "yandex_iam_service_account.sa"
          ]
        }
      ]
    },
    {
      "mode": "managed",
      "type": "yandex_resourcemanager_folder_iam_member",
      "name": "sa-editor",
      "provider": "provider[\"registry.terraform.io/yandex-cloud/yandex\"]",
      "instances": [
        {
          "schema_version": 0,
          "attributes": {
            "folder_id": "b1gp0gehjd3b52q1jlga",
            "id": "b1gp0gehjd3b52q1jlga/storage.editor/serviceAccount:ajeu3suk7tfrqqcd5uru",
            "member": "serviceAccount:ajeu3suk7tfrqqcd5uru",
            "role": "storage.editor",
            "sleep_after": null
          },
          "sensitive_attributes": [],
          "private": "bnVsbA==",
          "dependencies": [
            "yandex_iam_service_account.sa"
          ]
        }
      ]
    },
    {
      "mode": "managed",
      "type": "yandex_storage_bucket",
      "name": "state",
      "provider": "provider[\"registry.terraform.io/yandex-cloud/yandex\"]",
      "instances": [
        {
          "schema_version": 0,
          "attributes": {
            "access_key": "YCAJEwF-bnIHjQIrUJi4EKWsr",
            "acl": "private",
            "anonymous_access_flags": [
              {
                "list": false,
                "read": false
              }
            ],
            "bucket": "tf-state-bucket-dmosk",
            "bucket_domain_name": "tf-state-bucket-dmosk.storage.yandexcloud.net",
            "bucket_prefix": null,
            "cors_rule": [],
            "default_storage_class": "STANDARD",
            "folder_id": "b1gp0gehjd3b52q1jlga",
            "force_destroy": false,
            "grant": [],
            "https": [],
            "id": "tf-state-bucket-dmosk",
            "lifecycle_rule": [],
            "logging": [],
            "max_size": 0,
            "policy": "",
            "secret_key": "YCMN4b8TGNU0hEBm2RQH3N08TwfNKocW7x8dYzHY",
            "server_side_encryption_configuration": [],
            "versioning": [
              {
                "enabled": false
              }
            ],
            "website": [],
            "website_domain": null,
            "website_endpoint": null
          },
          "sensitive_attributes": [
            [
              {
                "type": "get_attr",
                "value": "secret_key"
              }
            ]
          ],
          "private": "bnVsbA==",
          "dependencies": [
            "yandex_iam_service_account.sa",
            "yandex_iam_service_account_static_access_key.sa-static-key"
          ]
        }
      ]
    },
    {
      "mode": "managed",
      "type": "yandex_vpc_network",
      "name": "network_terraform",
      "provider": "provider[\"registry.terraform.io/yandex-cloud/yandex\"]",
      "instances": [
        {
          "schema_version": 0,
          "attributes": {
            "created_at": "2022-08-02T07:03:11Z",
            "default_security_group_id": "",
            "description": "",
            "folder_id": "b1gp0gehjd3b52q1jlga",
            "id": "enpt97n97uibqm2kepma",
            "labels": {},
            "name": "network2",
            "subnet_ids": [],
            "timeouts": null
          },
          "sensitive_attributes": [],
          "private": "eyJlMmJmYjczMC1lY2FhLTExZTYtOGY4OC0zNDM2M2JjN2M0YzAiOnsiY3JlYXRlIjo2MDAwMDAwMDAwMCwiZGVsZXRlIjo2MDAwMDAwMDAwMCwidXBkYXRlIjo2MDAwMDAwMDAwMH19"
        }
      ]
    },
    {
      "mode": "managed",
      "type": "yandex_vpc_subnet",
      "name": "subnet-1",
      "provider": "provider[\"registry.terraform.io/yandex-cloud/yandex\"]",
      "instances": [
        {
          "schema_version": 0,
          "attributes": {
            "created_at": "2022-08-02T07:03:12Z",
            "description": "",
            "dhcp_options": [],
            "folder_id": "b1gp0gehjd3b52q1jlga",
            "id": "e9bleq4tp91htlptnv0i",
            "labels": {},
            "name": "subnet1",
            "network_id": "enpt97n97uibqm2kepma",
            "route_table_id": "",
            "timeouts": null,
            "v4_cidr_blocks": [
              "192.168.10.0/24"
            ],
            "v6_cidr_blocks": [],
            "zone": "ru-central1-a"
          },
          "sensitive_attributes": [],
          "private": "eyJlMmJmYjczMC1lY2FhLTExZTYtOGY4OC0zNDM2M2JjN2M0YzAiOnsiY3JlYXRlIjoxODAwMDAwMDAwMDAsImRlbGV0ZSI6MTgwMDAwMDAwMDAwLCJ1cGRhdGUiOjE4MDAwMDAwMDAwMH19",
          "dependencies": [
            "yandex_vpc_network.network_terraform"
          ]
        }
      ]
    }
  ]
}
