{
  "version": 4,
  "terraform_version": "1.2.0",
  "serial": 373,
  "lineage": "26f717cb-7b68-7aba-01cf-142fe62d36f3",
  "outputs": {},
  "resources": [
    {
      "mode": "data",
      "type": "yandex_compute_image",
      "name": "ubuntu_image",
      "provider": "provider[\"registry.terraform.io/yandex-cloud/yandex\"]",
      "instances": [
        {
          "schema_version": 0,
          "attributes": {
            "created_at": "2022-08-22T10:46:20Z",
            "description": "ubuntu 20.04 lts",
            "family": "ubuntu-2004-lts",
            "folder_id": "standard-images",
            "id": "fd8kdq6d0p8sij7h5qe3",
            "image_id": "fd8kdq6d0p8sij7h5qe3",
            "labels": {},
            "min_disk_size": 5,
            "name": "ubuntu-20-04-lts-v20220822",
            "os_type": "linux",
            "pooled": true,
            "product_ids": [
              "f2er5d1rpg1psq16o2gc"
            ],
            "size": 4,
            "status": "ready"
          },
          "sensitive_attributes": []
        }
      ]
    },
    {
      "mode": "managed",
      "type": "yandex_compute_instance",
      "name": "vm1",
      "provider": "provider[\"registry.terraform.io/yandex-cloud/yandex\"]",
      "instances": [
        {
          "schema_version": 1,
          "attributes": {
            "allow_recreate": null,
            "allow_stopping_for_update": null,
            "boot_disk": [
              {
                "auto_delete": true,
                "device_name": "fhm0fp3tcf2gdfd2igm6",
                "disk_id": "fhm0fp3tcf2gdfd2igm6",
                "initialize_params": [
                  {
                    "block_size": 4096,
                    "description": "",
                    "image_id": "fd8kdq6d0p8sij7h5qe3",
                    "name": "",
                    "size": 5,
                    "snapshot_id": "",
                    "type": "network-hdd"
                  }
                ],
                "mode": "READ_WRITE"
              }
            ],
            "created_at": "2022-08-24T11:30:30Z",
            "description": "",
            "folder_id": "b1gp0gehjd3b52q1jlga",
            "fqdn": "fhmg6djklshifscq25ll.auto.internal",
            "hostname": "",
            "id": "fhmg6djklshifscq25ll",
            "labels": null,
            "local_disk": [],
            "metadata": {
              "user-data": "#cloud-config\r\nusers:\r\n  - name: jenkins\r\n    groups: sudo\r\n    shell: /bin/bash\r\n    sudo: ['ALL=(ALL) NOPASSWD:ALL']\r\n    ssh-authorized-keys:\r\n          ssh-rsa AAAAB3NzaC1yc2EAAAADAQABAAABgQDHsKUvc8zlIILwqFAerjSRZxhIZMRMCQAmcgyPed6rHcsn+rSbSOwGYaaxbAzAqrMFqUNMaBCONnK14xcFcqskQJ0Oz+EE7Td9HfO3NZuZpfnYhcQW9rziNO+g293FiTnfrZfTIG8jwwsHC7a84X3cst5MP0AHGUrZsln7aES+Y87kg54Gwnc7A0yxo3+z5KSmoj1qIgIfOM8UWDNEnrqA3n7Ov5S54Hkl7+anksESEWkTzKG4CyzIyD8KeZW/R7Ptc4TaSabByouBXpznXb31Fqppvj1zmltfokhTJdOpIosNgCVizb2NXuftks6HYq+lX1PHLgQk2Vet6n49GIu2BOTz4vUqiZg7qBkfkdevsZ/nit59kz/KZ2cHX/3yBFeF9Q+PgoOr90AsT6W1bkAUHCMmjwt2qIrbVKUfLeqJFei9IvwnDn50TFI+iLRM63ZxVG7tsbxlnIy5Z7ZVJTRgvedi2Tny39xO6aJ8rPd0HQCN/mI97SuwvYm67lAmK+E= denis@Heu3BecTHblu"
            },
            "name": "terraform1",
            "network_acceleration_type": "standard",
            "network_interface": [
              {
                "dns_record": [],
                "index": 0,
                "ip_address": "192.168.10.25",
                "ipv4": true,
                "ipv6": false,
                "ipv6_address": "",
                "ipv6_dns_record": [],
                "mac_address": "d0:0d:10:33:67:4a",
                "nat": true,
                "nat_dns_record": [],
                "nat_ip_address": "84.201.158.218",
                "nat_ip_version": "IPV4",
                "security_group_ids": [],
                "subnet_id": "e9b5sa8bsb8rhp6deamh"
              }
            ],
            "placement_policy": [
              {
                "host_affinity_rules": [],
                "placement_group_id": ""
              }
            ],
            "platform_id": "standard-v1",
            "resources": [
              {
                "core_fraction": 100,
                "cores": 2,
                "gpus": 0,
                "memory": 2
              }
            ],
            "scheduling_policy": [
              {
                "preemptible": false
              }
            ],
            "secondary_disk": [],
            "service_account_id": "",
            "status": "running",
            "timeouts": null,
            "zone": "ru-central1-a"
          },
          "sensitive_attributes": [],
          "private": "eyJlMmJmYjczMC1lY2FhLTExZTYtOGY4OC0zNDM2M2JjN2M0YzAiOnsiY3JlYXRlIjozMDAwMDAwMDAwMDAsImRlbGV0ZSI6MzAwMDAwMDAwMDAwLCJ1cGRhdGUiOjMwMDAwMDAwMDAwMH0sInNjaGVtYV92ZXJzaW9uIjoiMSJ9",
          "dependencies": [
            "data.yandex_compute_image.ubuntu_image",
            "yandex_vpc_network.network-1",
            "yandex_vpc_subnet.subnet-1"
          ]
        }
      ]
    },
    {
      "mode": "managed",
      "type": "yandex_compute_instance",
      "name": "vm2",
      "provider": "provider[\"registry.terraform.io/yandex-cloud/yandex\"]",
      "instances": [
        {
          "schema_version": 1,
          "attributes": {
            "allow_recreate": null,
            "allow_stopping_for_update": null,
            "boot_disk": [
              {
                "auto_delete": true,
                "device_name": "fhmse4io3fpucger606s",
                "disk_id": "fhmse4io3fpucger606s",
                "initialize_params": [
                  {
                    "block_size": 4096,
                    "description": "",
                    "image_id": "fd8kdq6d0p8sij7h5qe3",
                    "name": "",
                    "size": 5,
                    "snapshot_id": "",
                    "type": "network-hdd"
                  }
                ],
                "mode": "READ_WRITE"
              }
            ],
            "created_at": "2022-08-24T11:30:30Z",
            "description": "",
            "folder_id": "b1gp0gehjd3b52q1jlga",
            "fqdn": "fhmo97vr4f4s28rot39j.auto.internal",
            "hostname": "",
            "id": "fhmo97vr4f4s28rot39j",
            "labels": null,
            "local_disk": [],
            "metadata": {
              "user-data": "#cloud-config\r\nusers:\r\n  - name: jenkins\r\n    groups: sudo\r\n    shell: /bin/bash\r\n    sudo: ['ALL=(ALL) NOPASSWD:ALL']\r\n    ssh-authorized-keys:\r\n          ssh-rsa AAAAB3NzaC1yc2EAAAADAQABAAABgQDHsKUvc8zlIILwqFAerjSRZxhIZMRMCQAmcgyPed6rHcsn+rSbSOwGYaaxbAzAqrMFqUNMaBCONnK14xcFcqskQJ0Oz+EE7Td9HfO3NZuZpfnYhcQW9rziNO+g293FiTnfrZfTIG8jwwsHC7a84X3cst5MP0AHGUrZsln7aES+Y87kg54Gwnc7A0yxo3+z5KSmoj1qIgIfOM8UWDNEnrqA3n7Ov5S54Hkl7+anksESEWkTzKG4CyzIyD8KeZW/R7Ptc4TaSabByouBXpznXb31Fqppvj1zmltfokhTJdOpIosNgCVizb2NXuftks6HYq+lX1PHLgQk2Vet6n49GIu2BOTz4vUqiZg7qBkfkdevsZ/nit59kz/KZ2cHX/3yBFeF9Q+PgoOr90AsT6W1bkAUHCMmjwt2qIrbVKUfLeqJFei9IvwnDn50TFI+iLRM63ZxVG7tsbxlnIy5Z7ZVJTRgvedi2Tny39xO6aJ8rPd0HQCN/mI97SuwvYm67lAmK+E= denis@Heu3BecTHblu"
            },
            "name": "terraform2",
            "network_acceleration_type": "standard",
            "network_interface": [
              {
                "dns_record": [],
                "index": 0,
                "ip_address": "192.168.10.11",
                "ipv4": true,
                "ipv6": false,
                "ipv6_address": "",
                "ipv6_dns_record": [],
                "mac_address": "d0:0d:18:49:ff:b2",
                "nat": true,
                "nat_dns_record": [],
                "nat_ip_address": "84.252.131.167",
                "nat_ip_version": "IPV4",
                "security_group_ids": [],
                "subnet_id": "e9b5sa8bsb8rhp6deamh"
              }
            ],
            "placement_policy": [
              {
                "host_affinity_rules": [],
                "placement_group_id": ""
              }
            ],
            "platform_id": "standard-v1",
            "resources": [
              {
                "core_fraction": 100,
                "cores": 2,
                "gpus": 0,
                "memory": 2
              }
            ],
            "scheduling_policy": [
              {
                "preemptible": false
              }
            ],
            "secondary_disk": [],
            "service_account_id": "",
            "status": "running",
            "timeouts": null,
            "zone": "ru-central1-a"
          },
          "sensitive_attributes": [],
          "private": "eyJlMmJmYjczMC1lY2FhLTExZTYtOGY4OC0zNDM2M2JjN2M0YzAiOnsiY3JlYXRlIjozMDAwMDAwMDAwMDAsImRlbGV0ZSI6MzAwMDAwMDAwMDAwLCJ1cGRhdGUiOjMwMDAwMDAwMDAwMH0sInNjaGVtYV92ZXJzaW9uIjoiMSJ9",
          "dependencies": [
            "data.yandex_compute_image.ubuntu_image",
            "yandex_vpc_network.network-1",
            "yandex_vpc_subnet.subnet-1"
          ]
        }
      ]
    },
    {
      "mode": "managed",
      "type": "yandex_compute_instance",
      "name": "vm3",
      "provider": "provider[\"registry.terraform.io/yandex-cloud/yandex\"]",
      "instances": [
        {
          "schema_version": 1,
          "attributes": {
            "allow_recreate": null,
            "allow_stopping_for_update": null,
            "boot_disk": [
              {
                "auto_delete": true,
                "device_name": "fhm1u0r7c4vas85gd2db",
                "disk_id": "fhm1u0r7c4vas85gd2db",
                "initialize_params": [
                  {
                    "block_size": 4096,
                    "description": "",
                    "image_id": "fd8kdq6d0p8sij7h5qe3",
                    "name": "",
                    "size": 5,
                    "snapshot_id": "",
                    "type": "network-hdd"
                  }
                ],
                "mode": "READ_WRITE"
              }
            ],
            "created_at": "2022-08-24T11:30:30Z",
            "description": "",
            "folder_id": "b1gp0gehjd3b52q1jlga",
            "fqdn": "fhmojsclvc2v7vmque67.auto.internal",
            "hostname": "",
            "id": "fhmojsclvc2v7vmque67",
            "labels": null,
            "local_disk": [],
            "metadata": {
              "user-data": "#cloud-config\r\nusers:\r\n  - name: jenkins\r\n    groups: sudo\r\n    shell: /bin/bash\r\n    sudo: ['ALL=(ALL) NOPASSWD:ALL']\r\n    ssh-authorized-keys:\r\n          ssh-rsa AAAAB3NzaC1yc2EAAAADAQABAAABgQDHsKUvc8zlIILwqFAerjSRZxhIZMRMCQAmcgyPed6rHcsn+rSbSOwGYaaxbAzAqrMFqUNMaBCONnK14xcFcqskQJ0Oz+EE7Td9HfO3NZuZpfnYhcQW9rziNO+g293FiTnfrZfTIG8jwwsHC7a84X3cst5MP0AHGUrZsln7aES+Y87kg54Gwnc7A0yxo3+z5KSmoj1qIgIfOM8UWDNEnrqA3n7Ov5S54Hkl7+anksESEWkTzKG4CyzIyD8KeZW/R7Ptc4TaSabByouBXpznXb31Fqppvj1zmltfokhTJdOpIosNgCVizb2NXuftks6HYq+lX1PHLgQk2Vet6n49GIu2BOTz4vUqiZg7qBkfkdevsZ/nit59kz/KZ2cHX/3yBFeF9Q+PgoOr90AsT6W1bkAUHCMmjwt2qIrbVKUfLeqJFei9IvwnDn50TFI+iLRM63ZxVG7tsbxlnIy5Z7ZVJTRgvedi2Tny39xO6aJ8rPd0HQCN/mI97SuwvYm67lAmK+E= denis@Heu3BecTHblu"
            },
            "name": "terraform3",
            "network_acceleration_type": "standard",
            "network_interface": [
              {
                "dns_record": [],
                "index": 0,
                "ip_address": "192.168.10.34",
                "ipv4": true,
                "ipv6": false,
                "ipv6_address": "",
                "ipv6_dns_record": [],
                "mac_address": "d0:0d:18:9f:19:5f",
                "nat": true,
                "nat_dns_record": [],
                "nat_ip_address": "84.252.131.239",
                "nat_ip_version": "IPV4",
                "security_group_ids": [],
                "subnet_id": "e9b5sa8bsb8rhp6deamh"
              }
            ],
            "placement_policy": [
              {
                "host_affinity_rules": [],
                "placement_group_id": ""
              }
            ],
            "platform_id": "standard-v1",
            "resources": [
              {
                "core_fraction": 100,
                "cores": 2,
                "gpus": 0,
                "memory": 2
              }
            ],
            "scheduling_policy": [
              {
                "preemptible": false
              }
            ],
            "secondary_disk": [],
            "service_account_id": "",
            "status": "running",
            "timeouts": null,
            "zone": "ru-central1-a"
          },
          "sensitive_attributes": [],
          "private": "eyJlMmJmYjczMC1lY2FhLTExZTYtOGY4OC0zNDM2M2JjN2M0YzAiOnsiY3JlYXRlIjozMDAwMDAwMDAwMDAsImRlbGV0ZSI6MzAwMDAwMDAwMDAwLCJ1cGRhdGUiOjMwMDAwMDAwMDAwMH0sInNjaGVtYV92ZXJzaW9uIjoiMSJ9",
          "dependencies": [
            "data.yandex_compute_image.ubuntu_image",
            "yandex_vpc_network.network-1",
            "yandex_vpc_subnet.subnet-1"
          ]
        }
      ]
    },
    {
      "mode": "managed",
      "type": "yandex_iam_service_account",
      "name": "sa",
      "provider": "provider[\"registry.terraform.io/yandex-cloud/yandex\"]",
      "instances": [
        {
          "schema_version": 0,
          "attributes": {
            "created_at": "2022-08-24T11:30:27Z",
            "description": "",
            "folder_id": "b1gp0gehjd3b52q1jlga",
            "id": "ajeamu14nrmj82uq4mgq",
            "name": "sa-dmosk",
            "timeouts": null
          },
          "sensitive_attributes": [],
          "private": "eyJlMmJmYjczMC1lY2FhLTExZTYtOGY4OC0zNDM2M2JjN2M0YzAiOnsiY3JlYXRlIjo2MDAwMDAwMDAwMCwiZGVsZXRlIjo2MDAwMDAwMDAwMCwidXBkYXRlIjo2MDAwMDAwMDAwMH19"
        }
      ]
    },
    {
      "mode": "managed",
      "type": "yandex_iam_service_account_static_access_key",
      "name": "sa-static-key",
      "provider": "provider[\"registry.terraform.io/yandex-cloud/yandex\"]",
      "instances": [
        {
          "schema_version": 0,
          "attributes": {
            "access_key": "YCAJE5baJWo7GSX8CcnTeL7kO",
            "created_at": "2022-08-24T11:30:28Z",
            "description": "Static access key for object storage",
            "encrypted_secret_key": null,
            "id": "aje3q74p6iq5k1oe1i53",
            "key_fingerprint": null,
            "pgp_key": null,
            "secret_key": "YCNP2TUHY_zaa3_BfTpYvv6RM4aVpxq_fxImuuu0",
            "service_account_id": "ajeamu14nrmj82uq4mgq"
          },
          "sensitive_attributes": [],
          "private": "bnVsbA==",
          "dependencies": [
            "yandex_iam_service_account.sa"
          ]
        }
      ]
    },
    {
      "mode": "managed",
      "type": "yandex_resourcemanager_folder_iam_member",
      "name": "sa-editor",
      "provider": "provider[\"registry.terraform.io/yandex-cloud/yandex\"]",
      "instances": [
        {
          "schema_version": 0,
          "attributes": {
            "folder_id": "b1gp0gehjd3b52q1jlga",
            "id": "b1gp0gehjd3b52q1jlga/storage.editor/serviceAccount:ajeamu14nrmj82uq4mgq",
            "member": "serviceAccount:ajeamu14nrmj82uq4mgq",
            "role": "storage.editor",
            "sleep_after": null
          },
          "sensitive_attributes": [],
          "private": "bnVsbA==",
          "dependencies": [
            "yandex_iam_service_account.sa"
          ]
        }
      ]
    },
    {
      "mode": "managed",
      "type": "yandex_storage_bucket",
      "name": "state",
      "provider": "provider[\"registry.terraform.io/yandex-cloud/yandex\"]",
      "instances": [
        {
          "schema_version": 0,
          "attributes": {
            "access_key": "YCAJE5baJWo7GSX8CcnTeL7kO",
            "acl": "private",
            "anonymous_access_flags": [
              {
                "list": false,
                "read": false
              }
            ],
            "bucket": "tf-state-bucket-dmosk",
            "bucket_domain_name": "tf-state-bucket-dmosk.storage.yandexcloud.net",
            "bucket_prefix": null,
            "cors_rule": [],
            "default_storage_class": "STANDARD",
            "folder_id": "b1gp0gehjd3b52q1jlga",
            "force_destroy": false,
            "grant": [],
            "https": [],
            "id": "tf-state-bucket-dmosk",
            "lifecycle_rule": [],
            "logging": [],
            "max_size": 0,
            "policy": "",
            "secret_key": "YCNP2TUHY_zaa3_BfTpYvv6RM4aVpxq_fxImuuu0",
            "server_side_encryption_configuration": [],
            "versioning": [
              {
                "enabled": false
              }
            ],
            "website": [],
            "website_domain": null,
            "website_endpoint": null
          },
          "sensitive_attributes": [
            [
              {
                "type": "get_attr",
                "value": "secret_key"
              }
            ]
          ],
          "private": "bnVsbA==",
          "dependencies": [
            "yandex_iam_service_account.sa",
            "yandex_iam_service_account_static_access_key.sa-static-key"
          ]
        }
      ]
    },
    {
      "mode": "managed",
      "type": "yandex_vpc_network",
      "name": "network-1",
      "provider": "provider[\"registry.terraform.io/yandex-cloud/yandex\"]",
      "instances": [
        {
          "schema_version": 0,
          "attributes": {
            "created_at": "2022-08-24T11:30:27Z",
            "default_security_group_id": "",
            "description": "",
            "folder_id": "b1gp0gehjd3b52q1jlga",
            "id": "enpc88nta5bs416untph",
            "labels": {},
            "name": "network1",
            "subnet_ids": [],
            "timeouts": null
          },
          "sensitive_attributes": [],
          "private": "eyJlMmJmYjczMC1lY2FhLTExZTYtOGY4OC0zNDM2M2JjN2M0YzAiOnsiY3JlYXRlIjo2MDAwMDAwMDAwMCwiZGVsZXRlIjo2MDAwMDAwMDAwMCwidXBkYXRlIjo2MDAwMDAwMDAwMH19"
        }
      ]
    },
    {
      "mode": "managed",
      "type": "yandex_vpc_subnet",
      "name": "subnet-1",
      "provider": "provider[\"registry.terraform.io/yandex-cloud/yandex\"]",
      "instances": [
        {
          "schema_version": 0,
          "attributes": {
            "created_at": "2022-08-24T11:30:28Z",
            "description": "",
            "dhcp_options": [],
            "folder_id": "b1gp0gehjd3b52q1jlga",
            "id": "e9b5sa8bsb8rhp6deamh",
            "labels": {},
            "name": "subnet1",
            "network_id": "enpc88nta5bs416untph",
            "route_table_id": "",
            "timeouts": null,
            "v4_cidr_blocks": [
              "192.168.10.0/24"
            ],
            "v6_cidr_blocks": [],
            "zone": "ru-central1-a"
          },
          "sensitive_attributes": [],
          "private": "eyJlMmJmYjczMC1lY2FhLTExZTYtOGY4OC0zNDM2M2JjN2M0YzAiOnsiY3JlYXRlIjoxODAwMDAwMDAwMDAsImRlbGV0ZSI6MTgwMDAwMDAwMDAwLCJ1cGRhdGUiOjE4MDAwMDAwMDAwMH19",
          "dependencies": [
            "yandex_vpc_network.network-1"
          ]
        }
      ]
    }
  ]
}
